{
  "version": 4,
  "terraform_version": "0.12.19",
  "serial": 115,
  "lineage": "3b51eb14-f226-ee8d-43a3-2bb79697429e",
  "outputs": {
    "tf_s3_bucket": {
      "value": "tf-state-kops-dump",
      "type": "string"
    }
  },
  "resources": [
    {
      "mode": "managed",
      "type": "aws_s3_bucket",
      "name": "terraform_state",
      "provider": "provider.aws",
      "instances": [
        {
          "schema_version": 0,
          "attributes": {
            "acceleration_status": "",
            "acl": "private",
            "arn": "arn:aws:s3:::tf-state-kops-dump",
            "bucket": "tf-state-kops-dump",
            "bucket_domain_name": "tf-state-kops-dump.s3.amazonaws.com",
            "bucket_prefix": null,
            "bucket_regional_domain_name": "tf-state-kops-dump.s3.eu-west-2.amazonaws.com",
            "cors_rule": [],
            "force_destroy": true,
            "hosted_zone_id": "Z3GKZC51ZF0DB4",
            "id": "tf-state-kops-dump",
            "lifecycle_rule": [],
            "logging": [],
            "object_lock_configuration": [],
            "policy": null,
            "region": "eu-west-2",
            "replication_configuration": [],
            "request_payer": "BucketOwner",
            "server_side_encryption_configuration": [],
            "tags": null,
            "versioning": [
              {
                "enabled": true,
                "mfa_delete": false
              }
            ],
            "website": [],
            "website_domain": null,
            "website_endpoint": null
          },
          "private": "bnVsbA=="
        }
      ]
    },
    {
      "mode": "managed",
      "type": "aws_s3_bucket_object",
      "name": "folder1",
      "provider": "provider.aws",
      "instances": [
        {
          "schema_version": 0,
          "attributes": {
            "acl": "private",
            "bucket": "tf-state-kops-dump",
            "cache_control": "",
            "content": null,
            "content_base64": null,
            "content_disposition": "",
            "content_encoding": "",
            "content_language": "",
            "content_type": "binary/octet-stream",
            "etag": "d41d8cd98f00b204e9800998ecf8427e",
            "force_destroy": false,
            "id": "dev/",
            "key": "dev/",
            "kms_key_id": null,
            "metadata": null,
            "object_lock_legal_hold_status": "",
            "object_lock_mode": "",
            "object_lock_retain_until_date": "",
            "server_side_encryption": "",
            "source": "/dev/null",
            "storage_class": "STANDARD",
            "tags": null,
            "version_id": "cCd2MGklKV20i0NkvEEjx5OtxhCNvuTw",
            "website_redirect": ""
          },
          "private": "bnVsbA==",
          "dependencies": [
            "aws_s3_bucket.terraform_state"
          ]
        }
      ]
    }
  ]
}
