{
  "version": 4,
  "terraform_version": "0.12.19",
  "serial": 992,
  "lineage": "1ca78ff3-871e-4f99-4d17-7b70ce1e6257",
  "outputs": {
    "bastion_autoscaling_group_ids": {
      "value": [
        "bastion-eu-west-2b.dev-k8s.cloudhands.online"
      ],
      "type": [
        "tuple",
        [
          "string"
        ]
      ]
    },
    "bastion_security_group_ids": {
      "value": [
        "sg-0375e611c9addd691"
      ],
      "type": [
        "tuple",
        [
          "string"
        ]
      ]
    },
    "bastions_role_arn": {
      "value": "arn:aws:iam::768749700464:role/bastions.dev-k8s.cloudhands.online",
      "type": "string"
    },
    "bastions_role_name": {
      "value": "bastions.dev-k8s.cloudhands.online",
      "type": "string"
    },
    "cluster_name": {
      "value": "dev-k8s.cloudhands.online",
      "type": "string"
    },
    "master_autoscaling_group_ids": {
      "value": [
        "master-eu-west-2b.masters.dev-k8s.cloudhands.online"
      ],
      "type": [
        "tuple",
        [
          "string"
        ]
      ]
    },
    "master_security_group_ids": {
      "value": [
        "sg-00694f8233eda77d3"
      ],
      "type": [
        "tuple",
        [
          "string"
        ]
      ]
    },
    "masters_role_arn": {
      "value": "arn:aws:iam::768749700464:role/masters.dev-k8s.cloudhands.online",
      "type": "string"
    },
    "masters_role_name": {
      "value": "masters.dev-k8s.cloudhands.online",
      "type": "string"
    },
    "node_autoscaling_group_ids": {
      "value": [
        "nodes.dev-k8s.cloudhands.online"
      ],
      "type": [
        "tuple",
        [
          "string"
        ]
      ]
    },
    "node_security_group_ids": {
      "value": [
        "sg-0bdff705c2d3c7cd1"
      ],
      "type": [
        "tuple",
        [
          "string"
        ]
      ]
    },
    "node_subnet_ids": {
      "value": [
        "subnet-022c23b1fd7ba94bc",
        "subnet-09111e20a84cccbfb",
        "subnet-0b6cbb7982c998237"
      ],
      "type": [
        "tuple",
        [
          "string",
          "string",
          "string"
        ]
      ]
    },
    "nodes_role_arn": {
      "value": "arn:aws:iam::768749700464:role/nodes.dev-k8s.cloudhands.online",
      "type": "string"
    },
    "nodes_role_name": {
      "value": "nodes.dev-k8s.cloudhands.online",
      "type": "string"
    },
    "region": {
      "value": "eu-west-2",
      "type": "string"
    },
    "subnet_eu-west-2a_id": {
      "value": "subnet-09111e20a84cccbfb",
      "type": "string"
    },
    "subnet_eu-west-2b_id": {
      "value": "subnet-022c23b1fd7ba94bc",
      "type": "string"
    },
    "subnet_eu-west-2c_id": {
      "value": "subnet-0b6cbb7982c998237",
      "type": "string"
    },
    "subnet_ids": {
      "value": [
        "subnet-0059d7290f15719d3",
        "subnet-022c23b1fd7ba94bc",
        "subnet-06faa2e1d10c4152d",
        "subnet-09111e20a84cccbfb",
        "subnet-0b6cbb7982c998237",
        "subnet-0bf21474c285daa90"
      ],
      "type": [
        "tuple",
        [
          "string",
          "string",
          "string",
          "string",
          "string",
          "string"
        ]
      ]
    },
    "subnet_utility-eu-west-2a_id": {
      "value": "subnet-0059d7290f15719d3",
      "type": "string"
    },
    "subnet_utility-eu-west-2b_id": {
      "value": "subnet-06faa2e1d10c4152d",
      "type": "string"
    },
    "subnet_utility-eu-west-2c_id": {
      "value": "subnet-0bf21474c285daa90",
      "type": "string"
    },
    "vpc_id": {
      "value": "vpc-0a5e1479e9a17cba6",
      "type": "string"
    }
  },
  "resources": [
    {
      "mode": "managed",
      "type": "aws_autoscaling_attachment",
      "name": "bastion-eu-west-2b-dev-k8s-cloudhands-online",
      "provider": "provider.aws",
      "instances": [
        {
          "schema_version": 0,
          "attributes": {
            "alb_target_group_arn": null,
            "autoscaling_group_name": "bastion-eu-west-2b.dev-k8s.cloudhands.online",
            "elb": "bastion-dev-k8s-cloudhand-o5ahdm",
            "id": "bastion-eu-west-2b.dev-k8s.cloudhands.online-20200212125744768700000005"
          },
          "private": "bnVsbA==",
          "dependencies": [
            "aws_autoscaling_group.bastion-eu-west-2b-dev-k8s-cloudhands-online",
            "aws_elb.bastion-dev-k8s-cloudhands-online",
            "aws_iam_instance_profile.bastions-dev-k8s-cloudhands-online",
            "aws_iam_role.bastions-dev-k8s-cloudhands-online",
            "aws_key_pair.kubernetes-dev-k8s-cloudhands-online-40ec231a1d8bad8d0a4b5ebb3ceed9d9",
            "aws_launch_configuration.bastion-eu-west-2b-dev-k8s-cloudhands-online",
            "aws_security_group.bastion-dev-k8s-cloudhands-online",
            "aws_security_group.bastion-elb-dev-k8s-cloudhands-online"
          ]
        }
      ]
    },
    {
      "mode": "managed",
      "type": "aws_autoscaling_attachment",
      "name": "master-eu-west-2b-masters-dev-k8s-cloudhands-online",
      "provider": "provider.aws",
      "instances": [
        {
          "schema_version": 0,
          "attributes": {
            "alb_target_group_arn": null,
            "autoscaling_group_name": "master-eu-west-2b.masters.dev-k8s.cloudhands.online",
            "elb": "api-dev-k8s-cloudhands-on-4bposg",
            "id": "master-eu-west-2b.masters.dev-k8s.cloudhands.online-20200212125709871000000004"
          },
          "private": "bnVsbA==",
          "dependencies": [
            "aws_autoscaling_group.master-eu-west-2b-masters-dev-k8s-cloudhands-online",
            "aws_elb.api-dev-k8s-cloudhands-online",
            "aws_iam_instance_profile.masters-dev-k8s-cloudhands-online",
            "aws_iam_role.masters-dev-k8s-cloudhands-online",
            "aws_key_pair.kubernetes-dev-k8s-cloudhands-online-40ec231a1d8bad8d0a4b5ebb3ceed9d9",
            "aws_launch_configuration.master-eu-west-2b-masters-dev-k8s-cloudhands-online",
            "aws_security_group.api-elb-dev-k8s-cloudhands-online",
            "aws_security_group.masters-dev-k8s-cloudhands-online"
          ]
        }
      ]
    },
    {
      "mode": "managed",
      "type": "aws_autoscaling_group",
      "name": "bastion-eu-west-2b-dev-k8s-cloudhands-online",
      "provider": "provider.aws",
      "instances": [
        {
          "schema_version": 0,
          "attributes": {
            "arn": "arn:aws:autoscaling:eu-west-2:768749700464:autoScalingGroup:35aaa033-d875-4773-aae3-ef658cf2b094:autoScalingGroupName/bastion-eu-west-2b.dev-k8s.cloudhands.online",
            "availability_zones": [
              "eu-west-2b"
            ],
            "default_cooldown": 300,
            "desired_capacity": 1,
            "enabled_metrics": [
              "GroupDesiredCapacity",
              "GroupInServiceInstances",
              "GroupMaxSize",
              "GroupMinSize",
              "GroupPendingInstances",
              "GroupStandbyInstances",
              "GroupTerminatingInstances",
              "GroupTotalInstances"
            ],
            "force_delete": false,
            "health_check_grace_period": 300,
            "health_check_type": "EC2",
            "id": "bastion-eu-west-2b.dev-k8s.cloudhands.online",
            "initial_lifecycle_hook": [],
            "launch_configuration": "bastion-eu-west-2b.dev-k8s.cloudhands.online-20200212125624397100000002",
            "launch_template": [],
            "load_balancers": [],
            "max_instance_lifetime": 0,
            "max_size": 1,
            "metrics_granularity": "1Minute",
            "min_elb_capacity": null,
            "min_size": 1,
            "mixed_instances_policy": [],
            "name": "bastion-eu-west-2b.dev-k8s.cloudhands.online",
            "name_prefix": null,
            "placement_group": "",
            "protect_from_scale_in": false,
            "service_linked_role_arn": "arn:aws:iam::768749700464:role/aws-service-role/autoscaling.amazonaws.com/AWSServiceRoleForAutoScaling",
            "suspended_processes": null,
            "tag": [
              {
                "key": "KubernetesCluster",
                "propagate_at_launch": true,
                "value": "dev-k8s.cloudhands.online"
              },
              {
                "key": "Name",
                "propagate_at_launch": true,
                "value": "bastion-eu-west-2b.dev-k8s.cloudhands.online"
              },
              {
                "key": "k8s.io/cluster-autoscaler/node-template/label/kops.k8s.io/instancegroup",
                "propagate_at_launch": true,
                "value": "bastion-eu-west-2b"
              },
              {
                "key": "k8s.io/role/bastion",
                "propagate_at_launch": true,
                "value": "1"
              },
              {
                "key": "kops.k8s.io/instancegroup",
                "propagate_at_launch": true,
                "value": "bastion-eu-west-2b"
              }
            ],
            "tags": null,
            "target_group_arns": [],
            "termination_policies": null,
            "timeouts": null,
            "vpc_zone_identifier": [
              "subnet-022c23b1fd7ba94bc"
            ],
            "wait_for_capacity_timeout": "10m",
            "wait_for_elb_capacity": null
          },
          "private": "eyJlMmJmYjczMC1lY2FhLTExZTYtOGY4OC0zNDM2M2JjN2M0YzAiOnsiZGVsZXRlIjo2MDAwMDAwMDAwMDB9fQ==",
          "dependencies": [
            "aws_iam_instance_profile.bastions-dev-k8s-cloudhands-online",
            "aws_iam_role.bastions-dev-k8s-cloudhands-online",
            "aws_key_pair.kubernetes-dev-k8s-cloudhands-online-40ec231a1d8bad8d0a4b5ebb3ceed9d9",
            "aws_launch_configuration.bastion-eu-west-2b-dev-k8s-cloudhands-online",
            "aws_security_group.bastion-dev-k8s-cloudhands-online"
          ]
        }
      ]
    },
    {
      "mode": "managed",
      "type": "aws_autoscaling_group",
      "name": "master-eu-west-2b-masters-dev-k8s-cloudhands-online",
      "provider": "provider.aws",
      "instances": [
        {
          "schema_version": 0,
          "attributes": {
            "arn": "arn:aws:autoscaling:eu-west-2:768749700464:autoScalingGroup:04570d6d-2955-4d59-b187-2ba3ae99bf87:autoScalingGroupName/master-eu-west-2b.masters.dev-k8s.cloudhands.online",
            "availability_zones": [
              "eu-west-2b"
            ],
            "default_cooldown": 300,
            "desired_capacity": 1,
            "enabled_metrics": [
              "GroupDesiredCapacity",
              "GroupInServiceInstances",
              "GroupMaxSize",
              "GroupMinSize",
              "GroupPendingInstances",
              "GroupStandbyInstances",
              "GroupTerminatingInstances",
              "GroupTotalInstances"
            ],
            "force_delete": false,
            "health_check_grace_period": 300,
            "health_check_type": "EC2",
            "id": "master-eu-west-2b.masters.dev-k8s.cloudhands.online",
            "initial_lifecycle_hook": [],
            "launch_configuration": "master-eu-west-2b.masters.dev-k8s.cloudhands.online-20200212125617959000000001",
            "launch_template": [],
            "load_balancers": [],
            "max_instance_lifetime": 0,
            "max_size": 1,
            "metrics_granularity": "1Minute",
            "min_elb_capacity": null,
            "min_size": 1,
            "mixed_instances_policy": [],
            "name": "master-eu-west-2b.masters.dev-k8s.cloudhands.online",
            "name_prefix": null,
            "placement_group": "",
            "protect_from_scale_in": false,
            "service_linked_role_arn": "arn:aws:iam::768749700464:role/aws-service-role/autoscaling.amazonaws.com/AWSServiceRoleForAutoScaling",
            "suspended_processes": null,
            "tag": [
              {
                "key": "KubernetesCluster",
                "propagate_at_launch": true,
                "value": "dev-k8s.cloudhands.online"
              },
              {
                "key": "Name",
                "propagate_at_launch": true,
                "value": "master-eu-west-2b.masters.dev-k8s.cloudhands.online"
              },
              {
                "key": "k8s.io/role/master",
                "propagate_at_launch": true,
                "value": "1"
              },
              {
                "key": "kops.k8s.io/instancegroup",
                "propagate_at_launch": true,
                "value": "master-eu-west-2b"
              }
            ],
            "tags": null,
            "target_group_arns": [],
            "termination_policies": null,
            "timeouts": null,
            "vpc_zone_identifier": [
              "subnet-022c23b1fd7ba94bc"
            ],
            "wait_for_capacity_timeout": "10m",
            "wait_for_elb_capacity": null
          },
          "private": "eyJlMmJmYjczMC1lY2FhLTExZTYtOGY4OC0zNDM2M2JjN2M0YzAiOnsiZGVsZXRlIjo2MDAwMDAwMDAwMDB9fQ==",
          "dependencies": [
            "aws_iam_instance_profile.masters-dev-k8s-cloudhands-online",
            "aws_iam_role.masters-dev-k8s-cloudhands-online",
            "aws_key_pair.kubernetes-dev-k8s-cloudhands-online-40ec231a1d8bad8d0a4b5ebb3ceed9d9",
            "aws_launch_configuration.master-eu-west-2b-masters-dev-k8s-cloudhands-online",
            "aws_security_group.masters-dev-k8s-cloudhands-online"
          ]
        }
      ]
    },
    {
      "mode": "managed",
      "type": "aws_autoscaling_group",
      "name": "nodes-dev-k8s-cloudhands-online",
      "provider": "provider.aws",
      "instances": [
        {
          "schema_version": 0,
          "attributes": {
            "arn": "arn:aws:autoscaling:eu-west-2:768749700464:autoScalingGroup:d8d29d8a-ea6c-4c6a-a6f0-d714852596fb:autoScalingGroupName/nodes.dev-k8s.cloudhands.online",
            "availability_zones": [
              "eu-west-2a",
              "eu-west-2b",
              "eu-west-2c"
            ],
            "default_cooldown": 300,
            "desired_capacity": 1,
            "enabled_metrics": [
              "GroupDesiredCapacity",
              "GroupInServiceInstances",
              "GroupMaxSize",
              "GroupMinSize",
              "GroupPendingInstances",
              "GroupStandbyInstances",
              "GroupTerminatingInstances",
              "GroupTotalInstances"
            ],
            "force_delete": false,
            "health_check_grace_period": 300,
            "health_check_type": "EC2",
            "id": "nodes.dev-k8s.cloudhands.online",
            "initial_lifecycle_hook": [],
            "launch_configuration": "nodes.dev-k8s.cloudhands.online-20200212125625222900000003",
            "launch_template": [],
            "load_balancers": [],
            "max_instance_lifetime": 0,
            "max_size": 2,
            "metrics_granularity": "1Minute",
            "min_elb_capacity": null,
            "min_size": 1,
            "mixed_instances_policy": [],
            "name": "nodes.dev-k8s.cloudhands.online",
            "name_prefix": null,
            "placement_group": "",
            "protect_from_scale_in": false,
            "service_linked_role_arn": "arn:aws:iam::768749700464:role/aws-service-role/autoscaling.amazonaws.com/AWSServiceRoleForAutoScaling",
            "suspended_processes": null,
            "tag": [
              {
                "key": "KubernetesCluster",
                "propagate_at_launch": true,
                "value": "dev-k8s.cloudhands.online"
              },
              {
                "key": "Name",
                "propagate_at_launch": true,
                "value": "nodes.dev-k8s.cloudhands.online"
              },
              {
                "key": "k8s.io/role/node",
                "propagate_at_launch": true,
                "value": "1"
              },
              {
                "key": "kops.k8s.io/instancegroup",
                "propagate_at_launch": true,
                "value": "nodes"
              }
            ],
            "tags": null,
            "target_group_arns": [],
            "termination_policies": null,
            "timeouts": null,
            "vpc_zone_identifier": [
              "subnet-022c23b1fd7ba94bc",
              "subnet-09111e20a84cccbfb",
              "subnet-0b6cbb7982c998237"
            ],
            "wait_for_capacity_timeout": "10m",
            "wait_for_elb_capacity": null
          },
          "private": "eyJlMmJmYjczMC1lY2FhLTExZTYtOGY4OC0zNDM2M2JjN2M0YzAiOnsiZGVsZXRlIjo2MDAwMDAwMDAwMDB9fQ==",
          "dependencies": [
            "aws_iam_instance_profile.nodes-dev-k8s-cloudhands-online",
            "aws_iam_role.nodes-dev-k8s-cloudhands-online",
            "aws_key_pair.kubernetes-dev-k8s-cloudhands-online-40ec231a1d8bad8d0a4b5ebb3ceed9d9",
            "aws_launch_configuration.nodes-dev-k8s-cloudhands-online",
            "aws_security_group.nodes-dev-k8s-cloudhands-online"
          ]
        }
      ]
    },
    {
      "mode": "managed",
      "type": "aws_ebs_volume",
      "name": "b-etcd-events-dev-k8s-cloudhands-online",
      "provider": "provider.aws",
      "instances": [
        {
          "schema_version": 0,
          "attributes": {
            "arn": "arn:aws:ec2:eu-west-2:768749700464:volume/vol-0ba6a9b7d7590c799",
            "availability_zone": "eu-west-2b",
            "encrypted": false,
            "id": "vol-0ba6a9b7d7590c799",
            "iops": 100,
            "kms_key_id": "",
            "size": 20,
            "snapshot_id": "",
            "tags": {
              "KubernetesCluster": "dev-k8s.cloudhands.online",
              "Name": "b.etcd-events.dev-k8s.cloudhands.online",
              "k8s.io/etcd/events": "b/b",
              "k8s.io/role/master": "1",
              "kubernetes.io/cluster/dev-k8s.cloudhands.online": "owned"
            },
            "type": "gp2"
          },
          "private": "bnVsbA=="
        }
      ]
    },
    {
      "mode": "managed",
      "type": "aws_ebs_volume",
      "name": "b-etcd-main-dev-k8s-cloudhands-online",
      "provider": "provider.aws",
      "instances": [
        {
          "schema_version": 0,
          "attributes": {
            "arn": "arn:aws:ec2:eu-west-2:768749700464:volume/vol-0beee1f7e68873983",
            "availability_zone": "eu-west-2b",
            "encrypted": false,
            "id": "vol-0beee1f7e68873983",
            "iops": 100,
            "kms_key_id": "",
            "size": 20,
            "snapshot_id": "",
            "tags": {
              "KubernetesCluster": "dev-k8s.cloudhands.online",
              "Name": "b.etcd-main.dev-k8s.cloudhands.online",
              "k8s.io/etcd/main": "b/b",
              "k8s.io/role/master": "1",
              "kubernetes.io/cluster/dev-k8s.cloudhands.online": "owned"
            },
            "type": "gp2"
          },
          "private": "bnVsbA=="
        }
      ]
    },
    {
      "mode": "managed",
      "type": "aws_elb",
      "name": "api-dev-k8s-cloudhands-online",
      "provider": "provider.aws",
      "instances": [
        {
          "schema_version": 0,
          "attributes": {
            "access_logs": [],
            "arn": "arn:aws:elasticloadbalancing:eu-west-2:768749700464:loadbalancer/api-dev-k8s-cloudhands-on-4bposg",
            "availability_zones": [
              "eu-west-2a",
              "eu-west-2b",
              "eu-west-2c"
            ],
            "connection_draining": false,
            "connection_draining_timeout": 300,
            "cross_zone_load_balancing": false,
            "dns_name": "api-dev-k8s-cloudhands-on-4bposg-293998933.eu-west-2.elb.amazonaws.com",
            "health_check": [
              {
                "healthy_threshold": 2,
                "interval": 10,
                "target": "SSL:443",
                "timeout": 5,
                "unhealthy_threshold": 2
              }
            ],
            "id": "api-dev-k8s-cloudhands-on-4bposg",
            "idle_timeout": 300,
            "instances": [],
            "internal": false,
            "listener": [
              {
                "instance_port": 443,
                "instance_protocol": "TCP",
                "lb_port": 443,
                "lb_protocol": "TCP",
                "ssl_certificate_id": ""
              }
            ],
            "name": "api-dev-k8s-cloudhands-on-4bposg",
            "name_prefix": null,
            "security_groups": [
              "sg-0e5d4aa6a5e9ce8c4",
              "sg-0ea9ab0341d2db4c0"
            ],
            "source_security_group": "768749700464/api-elb.dev-k8s.cloudhands.online",
            "source_security_group_id": "sg-0e5d4aa6a5e9ce8c4",
            "subnets": [
              "subnet-0059d7290f15719d3",
              "subnet-06faa2e1d10c4152d",
              "subnet-0bf21474c285daa90"
            ],
            "tags": {
              "KubernetesCluster": "dev-k8s.cloudhands.online",
              "Name": "api.dev-k8s.cloudhands.online",
              "kubernetes.io/cluster/dev-k8s.cloudhands.online": "owned"
            },
            "zone_id": "ZHURV8PSTC4K8"
          },
          "private": "bnVsbA==",
          "dependencies": [
            "aws_security_group.api-elb-dev-k8s-cloudhands-online"
          ]
        }
      ]
    },
    {
      "mode": "managed",
      "type": "aws_elb",
      "name": "bastion-dev-k8s-cloudhands-online",
      "provider": "provider.aws",
      "instances": [
        {
          "schema_version": 0,
          "attributes": {
            "access_logs": [],
            "arn": "arn:aws:elasticloadbalancing:eu-west-2:768749700464:loadbalancer/bastion-dev-k8s-cloudhand-o5ahdm",
            "availability_zones": [
              "eu-west-2b"
            ],
            "connection_draining": false,
            "connection_draining_timeout": 300,
            "cross_zone_load_balancing": true,
            "dns_name": "bastion-dev-k8s-cloudhand-o5ahdm-592591746.eu-west-2.elb.amazonaws.com",
            "health_check": [
              {
                "healthy_threshold": 2,
                "interval": 10,
                "target": "TCP:22",
                "timeout": 5,
                "unhealthy_threshold": 2
              }
            ],
            "id": "bastion-dev-k8s-cloudhand-o5ahdm",
            "idle_timeout": 300,
            "instances": [],
            "internal": false,
            "listener": [
              {
                "instance_port": 22,
                "instance_protocol": "TCP",
                "lb_port": 22,
                "lb_protocol": "TCP",
                "ssl_certificate_id": ""
              }
            ],
            "name": "bastion-dev-k8s-cloudhand-o5ahdm",
            "name_prefix": null,
            "security_groups": [
              "sg-06803b970088249a4"
            ],
            "source_security_group": "768749700464/bastion-elb.dev-k8s.cloudhands.online",
            "source_security_group_id": "sg-06803b970088249a4",
            "subnets": [
              "subnet-06faa2e1d10c4152d"
            ],
            "tags": {
              "KubernetesCluster": "dev-k8s.cloudhands.online",
              "Name": "bastion.dev-k8s.cloudhands.online",
              "kubernetes.io/cluster/dev-k8s.cloudhands.online": "owned"
            },
            "zone_id": "ZHURV8PSTC4K8"
          },
          "private": "bnVsbA==",
          "dependencies": [
            "aws_security_group.bastion-elb-dev-k8s-cloudhands-online"
          ]
        }
      ]
    },
    {
      "mode": "managed",
      "type": "aws_iam_instance_profile",
      "name": "bastions-dev-k8s-cloudhands-online",
      "provider": "provider.aws",
      "instances": [
        {
          "schema_version": 0,
          "attributes": {
            "arn": "arn:aws:iam::768749700464:instance-profile/bastions.dev-k8s.cloudhands.online",
            "create_date": "2020-02-12T12:56:16Z",
            "id": "bastions.dev-k8s.cloudhands.online",
            "name": "bastions.dev-k8s.cloudhands.online",
            "name_prefix": null,
            "path": "/",
            "role": "bastions.dev-k8s.cloudhands.online",
            "roles": [],
            "unique_id": "AIPA3F7INQVYIKCH3VISB"
          },
          "private": "bnVsbA==",
          "dependencies": [
            "aws_iam_role.bastions-dev-k8s-cloudhands-online"
          ]
        }
      ]
    },
    {
      "mode": "managed",
      "type": "aws_iam_instance_profile",
      "name": "masters-dev-k8s-cloudhands-online",
      "provider": "provider.aws",
      "instances": [
        {
          "schema_version": 0,
          "attributes": {
            "arn": "arn:aws:iam::768749700464:instance-profile/masters.dev-k8s.cloudhands.online",
            "create_date": "2020-02-12T12:56:13Z",
            "id": "masters.dev-k8s.cloudhands.online",
            "name": "masters.dev-k8s.cloudhands.online",
            "name_prefix": null,
            "path": "/",
            "role": "masters.dev-k8s.cloudhands.online",
            "roles": [],
            "unique_id": "AIPA3F7INQVYILMSHRFC5"
          },
          "private": "bnVsbA==",
          "dependencies": [
            "aws_iam_role.masters-dev-k8s-cloudhands-online"
          ]
        }
      ]
    },
    {
      "mode": "managed",
      "type": "aws_iam_instance_profile",
      "name": "nodes-dev-k8s-cloudhands-online",
      "provider": "provider.aws",
      "instances": [
        {
          "schema_version": 0,
          "attributes": {
            "arn": "arn:aws:iam::768749700464:instance-profile/nodes.dev-k8s.cloudhands.online",
            "create_date": "2020-02-12T12:56:14Z",
            "id": "nodes.dev-k8s.cloudhands.online",
            "name": "nodes.dev-k8s.cloudhands.online",
            "name_prefix": null,
            "path": "/",
            "role": "nodes.dev-k8s.cloudhands.online",
            "roles": [],
            "unique_id": "AIPA3F7INQVYE3SGWQHG3"
          },
          "private": "bnVsbA==",
          "dependencies": [
            "aws_iam_role.nodes-dev-k8s-cloudhands-online"
          ]
        }
      ]
    },
    {
      "mode": "managed",
      "type": "aws_iam_role",
      "name": "bastions-dev-k8s-cloudhands-online",
      "provider": "provider.aws",
      "instances": [
        {
          "schema_version": 0,
          "attributes": {
            "arn": "arn:aws:iam::768749700464:role/bastions.dev-k8s.cloudhands.online",
            "assume_role_policy": "{\"Version\":\"2012-10-17\",\"Statement\":[{\"Effect\":\"Allow\",\"Principal\":{\"Service\":\"ec2.amazonaws.com\"},\"Action\":\"sts:AssumeRole\"}]}",
            "create_date": "2020-02-12T12:56:12Z",
            "description": "",
            "force_detach_policies": false,
            "id": "bastions.dev-k8s.cloudhands.online",
            "max_session_duration": 3600,
            "name": "bastions.dev-k8s.cloudhands.online",
            "name_prefix": null,
            "path": "/",
            "permissions_boundary": null,
            "tags": null,
            "unique_id": "AROA3F7INQVYAI7SBMDIG"
          },
          "private": "bnVsbA=="
        }
      ]
    },
    {
      "mode": "managed",
      "type": "aws_iam_role",
      "name": "masters-dev-k8s-cloudhands-online",
      "provider": "provider.aws",
      "instances": [
        {
          "schema_version": 0,
          "attributes": {
            "arn": "arn:aws:iam::768749700464:role/masters.dev-k8s.cloudhands.online",
            "assume_role_policy": "{\"Version\":\"2012-10-17\",\"Statement\":[{\"Effect\":\"Allow\",\"Principal\":{\"Service\":\"ec2.amazonaws.com\"},\"Action\":\"sts:AssumeRole\"}]}",
            "create_date": "2020-02-12T12:56:11Z",
            "description": "",
            "force_detach_policies": false,
            "id": "masters.dev-k8s.cloudhands.online",
            "max_session_duration": 3600,
            "name": "masters.dev-k8s.cloudhands.online",
            "name_prefix": null,
            "path": "/",
            "permissions_boundary": null,
            "tags": null,
            "unique_id": "AROA3F7INQVYDRPMFWKYC"
          },
          "private": "bnVsbA=="
        }
      ]
    },
    {
      "mode": "managed",
      "type": "aws_iam_role",
      "name": "nodes-dev-k8s-cloudhands-online",
      "provider": "provider.aws",
      "instances": [
        {
          "schema_version": 0,
          "attributes": {
            "arn": "arn:aws:iam::768749700464:role/nodes.dev-k8s.cloudhands.online",
            "assume_role_policy": "{\"Version\":\"2012-10-17\",\"Statement\":[{\"Effect\":\"Allow\",\"Principal\":{\"Service\":\"ec2.amazonaws.com\"},\"Action\":\"sts:AssumeRole\"}]}",
            "create_date": "2020-02-12T12:56:11Z",
            "description": "",
            "force_detach_policies": false,
            "id": "nodes.dev-k8s.cloudhands.online",
            "max_session_duration": 3600,
            "name": "nodes.dev-k8s.cloudhands.online",
            "name_prefix": null,
            "path": "/",
            "permissions_boundary": null,
            "tags": null,
            "unique_id": "AROA3F7INQVYGNW66YCMX"
          },
          "private": "bnVsbA=="
        }
      ]
    },
    {
      "mode": "managed",
      "type": "aws_iam_role_policy",
      "name": "bastions-dev-k8s-cloudhands-online",
      "provider": "provider.aws",
      "instances": [
        {
          "schema_version": 0,
          "attributes": {
            "id": "bastions.dev-k8s.cloudhands.online:bastions.dev-k8s.cloudhands.online",
            "name": "bastions.dev-k8s.cloudhands.online",
            "name_prefix": null,
            "policy": "{\n  \"Version\": \"2012-10-17\",\n  \"Statement\": [\n    {\n      \"Effect\": \"Allow\",\n      \"Action\": [\n        \"ec2:DescribeRegions\"\n      ],\n      \"Resource\": [\n        \"*\"\n      ]\n    }\n  ]\n}",
            "role": "bastions.dev-k8s.cloudhands.online"
          },
          "private": "bnVsbA==",
          "dependencies": [
            "aws_iam_role.bastions-dev-k8s-cloudhands-online"
          ]
        }
      ]
    },
    {
      "mode": "managed",
      "type": "aws_iam_role_policy",
      "name": "masters-dev-k8s-cloudhands-online",
      "provider": "provider.aws",
      "instances": [
        {
          "schema_version": 0,
          "attributes": {
            "id": "masters.dev-k8s.cloudhands.online:masters.dev-k8s.cloudhands.online",
            "name": "masters.dev-k8s.cloudhands.online",
            "name_prefix": null,
            "policy": "{\n  \"Version\": \"2012-10-17\",\n  \"Statement\": [\n    {\n      \"Effect\": \"Allow\",\n      \"Action\": [\n        \"ec2:DescribeAccountAttributes\",\n        \"ec2:DescribeInstances\",\n        \"ec2:DescribeInternetGateways\",\n        \"ec2:DescribeRegions\",\n        \"ec2:DescribeRouteTables\",\n        \"ec2:DescribeSecurityGroups\",\n        \"ec2:DescribeSubnets\",\n        \"ec2:DescribeVolumes\"\n      ],\n      \"Resource\": [\n        \"*\"\n      ]\n    },\n    {\n      \"Effect\": \"Allow\",\n      \"Action\": [\n        \"ec2:CreateSecurityGroup\",\n        \"ec2:CreateTags\",\n        \"ec2:CreateVolume\",\n        \"ec2:DescribeVolumesModifications\",\n        \"ec2:ModifyInstanceAttribute\",\n        \"ec2:ModifyVolume\"\n      ],\n      \"Resource\": [\n        \"*\"\n      ]\n    },\n    {\n      \"Effect\": \"Allow\",\n      \"Action\": [\n        \"ec2:AttachVolume\",\n        \"ec2:AuthorizeSecurityGroupIngress\",\n        \"ec2:CreateRoute\",\n        \"ec2:DeleteRoute\",\n        \"ec2:DeleteSecurityGroup\",\n        \"ec2:DeleteVolume\",\n        \"ec2:DetachVolume\",\n        \"ec2:RevokeSecurityGroupIngress\"\n      ],\n      \"Resource\": [\n        \"*\"\n      ],\n      \"Condition\": {\n        \"StringEquals\": {\n          \"ec2:ResourceTag/KubernetesCluster\": \"dev-k8s.cloudhands.online\"\n        }\n      }\n    },\n    {\n      \"Effect\": \"Allow\",\n      \"Action\": [\n        \"autoscaling:DescribeAutoScalingGroups\",\n        \"autoscaling:DescribeLaunchConfigurations\",\n        \"autoscaling:DescribeTags\",\n        \"ec2:DescribeLaunchTemplateVersions\"\n      ],\n      \"Resource\": [\n        \"*\"\n      ]\n    },\n    {\n      \"Effect\": \"Allow\",\n      \"Action\": [\n        \"autoscaling:SetDesiredCapacity\",\n        \"autoscaling:TerminateInstanceInAutoScalingGroup\",\n        \"autoscaling:UpdateAutoScalingGroup\"\n      ],\n      \"Resource\": [\n        \"*\"\n      ],\n      \"Condition\": {\n        \"StringEquals\": {\n          \"autoscaling:ResourceTag/KubernetesCluster\": \"dev-k8s.cloudhands.online\"\n        }\n      }\n    },\n    {\n      \"Effect\": \"Allow\",\n      \"Action\": [\n        \"elasticloadbalancing:AddTags\",\n        \"elasticloadbalancing:AttachLoadBalancerToSubnets\",\n        \"elasticloadbalancing:ApplySecurityGroupsToLoadBalancer\",\n        \"elasticloadbalancing:CreateLoadBalancer\",\n        \"elasticloadbalancing:CreateLoadBalancerPolicy\",\n        \"elasticloadbalancing:CreateLoadBalancerListeners\",\n        \"elasticloadbalancing:ConfigureHealthCheck\",\n        \"elasticloadbalancing:DeleteLoadBalancer\",\n        \"elasticloadbalancing:DeleteLoadBalancerListeners\",\n        \"elasticloadbalancing:DescribeLoadBalancers\",\n        \"elasticloadbalancing:DescribeLoadBalancerAttributes\",\n        \"elasticloadbalancing:DetachLoadBalancerFromSubnets\",\n        \"elasticloadbalancing:DeregisterInstancesFromLoadBalancer\",\n        \"elasticloadbalancing:ModifyLoadBalancerAttributes\",\n        \"elasticloadbalancing:RegisterInstancesWithLoadBalancer\",\n        \"elasticloadbalancing:SetLoadBalancerPoliciesForBackendServer\"\n      ],\n      \"Resource\": [\n        \"*\"\n      ]\n    },\n    {\n      \"Effect\": \"Allow\",\n      \"Action\": [\n        \"ec2:DescribeVpcs\",\n        \"elasticloadbalancing:AddTags\",\n        \"elasticloadbalancing:CreateListener\",\n        \"elasticloadbalancing:CreateTargetGroup\",\n        \"elasticloadbalancing:DeleteListener\",\n        \"elasticloadbalancing:DeleteTargetGroup\",\n        \"elasticloadbalancing:DeregisterTargets\",\n        \"elasticloadbalancing:DescribeListeners\",\n        \"elasticloadbalancing:DescribeLoadBalancerPolicies\",\n        \"elasticloadbalancing:DescribeTargetGroups\",\n        \"elasticloadbalancing:DescribeTargetHealth\",\n        \"elasticloadbalancing:ModifyListener\",\n        \"elasticloadbalancing:ModifyTargetGroup\",\n        \"elasticloadbalancing:RegisterTargets\",\n        \"elasticloadbalancing:SetLoadBalancerPoliciesOfListener\"\n      ],\n      \"Resource\": [\n        \"*\"\n      ]\n    },\n    {\n      \"Effect\": \"Allow\",\n      \"Action\": [\n        \"iam:ListServerCertificates\",\n        \"iam:GetServerCertificate\"\n      ],\n      \"Resource\": [\n        \"*\"\n      ]\n    },\n    {\n      \"Effect\": \"Allow\",\n      \"Action\": [\n        \"s3:GetBucketLocation\",\n        \"s3:GetEncryptionConfiguration\",\n        \"s3:ListBucket\"\n      ],\n      \"Resource\": [\n        \"arn:aws:s3:::dev-kops-state-blog\"\n      ]\n    },\n    {\n      \"Effect\": \"Allow\",\n      \"Action\": [\n        \"s3:Get*\"\n      ],\n      \"Resource\": \"arn:aws:s3:::dev-kops-state-blog/dev-k8s.cloudhands.online/*\"\n    },\n    {\n      \"Effect\": \"Allow\",\n      \"Action\": [\n        \"route53:ChangeResourceRecordSets\",\n        \"route53:ListResourceRecordSets\",\n        \"route53:GetHostedZone\"\n      ],\n      \"Resource\": [\n        \"arn:aws:route53:::hostedzone/ZQ1MTFAYYWEO5\"\n      ]\n    },\n    {\n      \"Effect\": \"Allow\",\n      \"Action\": [\n        \"route53:GetChange\"\n      ],\n      \"Resource\": [\n        \"arn:aws:route53:::change/*\"\n      ]\n    },\n    {\n      \"Effect\": \"Allow\",\n      \"Action\": [\n        \"route53:ListHostedZones\"\n      ],\n      \"Resource\": [\n        \"*\"\n      ]\n    },\n    {\n      \"Effect\": \"Allow\",\n      \"Action\": [\n        \"ecr:GetAuthorizationToken\",\n        \"ecr:BatchCheckLayerAvailability\",\n        \"ecr:GetDownloadUrlForLayer\",\n        \"ecr:GetRepositoryPolicy\",\n        \"ecr:DescribeRepositories\",\n        \"ecr:ListImages\",\n        \"ecr:BatchGetImage\"\n      ],\n      \"Resource\": [\n        \"*\"\n      ]\n    }\n  ]\n}",
            "role": "masters.dev-k8s.cloudhands.online"
          },
          "private": "bnVsbA==",
          "dependencies": [
            "aws_iam_role.masters-dev-k8s-cloudhands-online"
          ]
        }
      ]
    },
    {
      "mode": "managed",
      "type": "aws_iam_role_policy",
      "name": "nodes-dev-k8s-cloudhands-online",
      "provider": "provider.aws",
      "instances": [
        {
          "schema_version": 0,
          "attributes": {
            "id": "nodes.dev-k8s.cloudhands.online:nodes.dev-k8s.cloudhands.online",
            "name": "nodes.dev-k8s.cloudhands.online",
            "name_prefix": null,
            "policy": "{\n  \"Version\": \"2012-10-17\",\n  \"Statement\": [\n    {\n      \"Effect\": \"Allow\",\n      \"Action\": [\n        \"ec2:DescribeInstances\",\n        \"ec2:DescribeRegions\"\n      ],\n      \"Resource\": [\n        \"*\"\n      ]\n    },\n    {\n      \"Effect\": \"Allow\",\n      \"Action\": [\n        \"s3:GetBucketLocation\",\n        \"s3:GetEncryptionConfiguration\",\n        \"s3:ListBucket\"\n      ],\n      \"Resource\": [\n        \"arn:aws:s3:::dev-kops-state-blog\"\n      ]\n    },\n    {\n      \"Effect\": \"Allow\",\n      \"Action\": [\n        \"s3:Get*\"\n      ],\n      \"Resource\": [\n        \"arn:aws:s3:::dev-kops-state-blog/dev-k8s.cloudhands.online/addons/*\",\n        \"arn:aws:s3:::dev-kops-state-blog/dev-k8s.cloudhands.online/cluster.spec\",\n        \"arn:aws:s3:::dev-kops-state-blog/dev-k8s.cloudhands.online/config\",\n        \"arn:aws:s3:::dev-kops-state-blog/dev-k8s.cloudhands.online/instancegroup/*\",\n        \"arn:aws:s3:::dev-kops-state-blog/dev-k8s.cloudhands.online/pki/issued/*\",\n        \"arn:aws:s3:::dev-kops-state-blog/dev-k8s.cloudhands.online/pki/private/kube-proxy/*\",\n        \"arn:aws:s3:::dev-kops-state-blog/dev-k8s.cloudhands.online/pki/private/kubelet/*\",\n        \"arn:aws:s3:::dev-kops-state-blog/dev-k8s.cloudhands.online/pki/ssh/*\",\n        \"arn:aws:s3:::dev-kops-state-blog/dev-k8s.cloudhands.online/secrets/dockerconfig\"\n      ]\n    },\n    {\n      \"Effect\": \"Allow\",\n      \"Action\": [\n        \"ecr:GetAuthorizationToken\",\n        \"ecr:BatchCheckLayerAvailability\",\n        \"ecr:GetDownloadUrlForLayer\",\n        \"ecr:GetRepositoryPolicy\",\n        \"ecr:DescribeRepositories\",\n        \"ecr:ListImages\",\n        \"ecr:BatchGetImage\"\n      ],\n      \"Resource\": [\n        \"*\"\n      ]\n    }\n  ]\n}",
            "role": "nodes.dev-k8s.cloudhands.online"
          },
          "private": "bnVsbA==",
          "dependencies": [
            "aws_iam_role.nodes-dev-k8s-cloudhands-online"
          ]
        }
      ]
    },
    {
      "mode": "managed",
      "type": "aws_key_pair",
      "name": "kubernetes-dev-k8s-cloudhands-online-40ec231a1d8bad8d0a4b5ebb3ceed9d9",
      "provider": "provider.aws",
      "instances": [
        {
          "schema_version": 1,
          "attributes": {
            "fingerprint": "ce:1d:1b:42:c6:08:d4:b6:d3:0a:91:82:c3:a2:21:db",
            "id": "kubernetes.dev-k8s.cloudhands.online-40:ec:23:1a:1d:8b:ad:8d:0a:4b:5e:bb:3c:ee:d9:d9",
            "key_name": "kubernetes.dev-k8s.cloudhands.online-40:ec:23:1a:1d:8b:ad:8d:0a:4b:5e:bb:3c:ee:d9:d9",
            "key_name_prefix": null,
            "public_key": "ssh-rsa AAAAB3NzaC1yc2EAAAADAQABAAABAQC6PHpSw1B/SVLjVki+m6Tt4rt2aASd1lR5JgFas7U3KDk1XVAJYgJ/Svm6gR6lwFoafv3WzpC2wmi8KA1drSX1SbQLb8VC+BAlP/WgY4lDzjlUARBYy4omzpqzqe5W0lA1Htn5oZyjNwllCyHvz2m4PW7GM/u1u14YfFy0VqCKcjMj699goKhBw2At8N/GarVH8fvj2GggtUCDiJLUKqv4w7JCrO4cjlHCtnI25VaQ+gMk1avE4JaFIErPEdIm3+/hTuuQrGGis0TvFX+UfG57wD3vI5GmKCKY9fom3kvgezj2PbXIOf4k3bKGxFXCW7+IYDB6aAT/0+lNN+aXyv/d"
          },
          "private": "eyJzY2hlbWFfdmVyc2lvbiI6IjEifQ=="
        }
      ]
    },
    {
      "mode": "managed",
      "type": "aws_launch_configuration",
      "name": "bastion-eu-west-2b-dev-k8s-cloudhands-online",
      "provider": "provider.aws",
      "instances": [
        {
          "schema_version": 0,
          "attributes": {
            "arn": "arn:aws:autoscaling:eu-west-2:768749700464:launchConfiguration:cb7e0edf-3eec-4cec-bd23-75fc790f8a13:launchConfigurationName/bastion-eu-west-2b.dev-k8s.cloudhands.online-20200212125624397100000002",
            "associate_public_ip_address": false,
            "ebs_block_device": [],
            "ebs_optimized": false,
            "enable_monitoring": false,
            "ephemeral_block_device": [],
            "iam_instance_profile": "bastions.dev-k8s.cloudhands.online",
            "id": "bastion-eu-west-2b.dev-k8s.cloudhands.online-20200212125624397100000002",
            "image_id": "ami-0146567fafe22a575",
            "instance_type": "t2.micro",
            "key_name": "kubernetes.dev-k8s.cloudhands.online-40:ec:23:1a:1d:8b:ad:8d:0a:4b:5e:bb:3c:ee:d9:d9",
            "name": "bastion-eu-west-2b.dev-k8s.cloudhands.online-20200212125624397100000002",
            "name_prefix": "bastion-eu-west-2b.dev-k8s.cloudhands.online-",
            "placement_tenancy": null,
            "root_block_device": [
              {
                "delete_on_termination": true,
                "encrypted": false,
                "iops": 0,
                "volume_size": 32,
                "volume_type": "gp2"
              }
            ],
            "security_groups": [
              "sg-0375e611c9addd691"
            ],
            "spot_price": "",
            "user_data": null,
            "user_data_base64": null,
            "vpc_classic_link_id": "",
            "vpc_classic_link_security_groups": null
          },
          "private": "bnVsbA==",
          "dependencies": [
            "aws_iam_instance_profile.bastions-dev-k8s-cloudhands-online",
            "aws_iam_role.bastions-dev-k8s-cloudhands-online",
            "aws_key_pair.kubernetes-dev-k8s-cloudhands-online-40ec231a1d8bad8d0a4b5ebb3ceed9d9",
            "aws_security_group.bastion-dev-k8s-cloudhands-online"
          ]
        }
      ]
    },
    {
      "mode": "managed",
      "type": "aws_launch_configuration",
      "name": "master-eu-west-2b-masters-dev-k8s-cloudhands-online",
      "provider": "provider.aws",
      "instances": [
        {
          "schema_version": 0,
          "attributes": {
            "arn": "arn:aws:autoscaling:eu-west-2:768749700464:launchConfiguration:b9bdbbb9-54ea-4ed4-821c-a589675b3a8f:launchConfigurationName/master-eu-west-2b.masters.dev-k8s.cloudhands.online-20200212125617959000000001",
            "associate_public_ip_address": false,
            "ebs_block_device": [],
            "ebs_optimized": false,
            "enable_monitoring": false,
            "ephemeral_block_device": [],
            "iam_instance_profile": "masters.dev-k8s.cloudhands.online",
            "id": "master-eu-west-2b.masters.dev-k8s.cloudhands.online-20200212125617959000000001",
            "image_id": "ami-0146567fafe22a575",
            "instance_type": "t2.medium",
            "key_name": "kubernetes.dev-k8s.cloudhands.online-40:ec:23:1a:1d:8b:ad:8d:0a:4b:5e:bb:3c:ee:d9:d9",
            "name": "master-eu-west-2b.masters.dev-k8s.cloudhands.online-20200212125617959000000001",
            "name_prefix": "master-eu-west-2b.masters.dev-k8s.cloudhands.online-",
            "placement_tenancy": null,
            "root_block_device": [
              {
                "delete_on_termination": true,
                "encrypted": false,
                "iops": 0,
                "volume_size": 64,
                "volume_type": "gp2"
              }
            ],
            "security_groups": [
              "sg-00694f8233eda77d3"
            ],
            "spot_price": "",
            "user_data": "0f37b414d2650ffaa55f490fa5663b6af797e171",
            "user_data_base64": null,
            "vpc_classic_link_id": "",
            "vpc_classic_link_security_groups": null
          },
          "private": "bnVsbA==",
          "dependencies": [
            "aws_iam_instance_profile.masters-dev-k8s-cloudhands-online",
            "aws_iam_role.masters-dev-k8s-cloudhands-online",
            "aws_key_pair.kubernetes-dev-k8s-cloudhands-online-40ec231a1d8bad8d0a4b5ebb3ceed9d9",
            "aws_security_group.masters-dev-k8s-cloudhands-online"
          ]
        }
      ]
    },
    {
      "mode": "managed",
      "type": "aws_launch_configuration",
      "name": "nodes-dev-k8s-cloudhands-online",
      "provider": "provider.aws",
      "instances": [
        {
          "schema_version": 0,
          "attributes": {
            "arn": "arn:aws:autoscaling:eu-west-2:768749700464:launchConfiguration:c7d6d843-aa53-434a-ba10-ed736f0a9110:launchConfigurationName/nodes.dev-k8s.cloudhands.online-20200212125625222900000003",
            "associate_public_ip_address": false,
            "ebs_block_device": [],
            "ebs_optimized": false,
            "enable_monitoring": false,
            "ephemeral_block_device": [],
            "iam_instance_profile": "nodes.dev-k8s.cloudhands.online",
            "id": "nodes.dev-k8s.cloudhands.online-20200212125625222900000003",
            "image_id": "ami-0146567fafe22a575",
            "instance_type": "t2.small",
            "key_name": "kubernetes.dev-k8s.cloudhands.online-40:ec:23:1a:1d:8b:ad:8d:0a:4b:5e:bb:3c:ee:d9:d9",
            "name": "nodes.dev-k8s.cloudhands.online-20200212125625222900000003",
            "name_prefix": "nodes.dev-k8s.cloudhands.online-",
            "placement_tenancy": null,
            "root_block_device": [
              {
                "delete_on_termination": true,
                "encrypted": false,
                "iops": 0,
                "volume_size": 128,
                "volume_type": "gp2"
              }
            ],
            "security_groups": [
              "sg-0bdff705c2d3c7cd1"
            ],
            "spot_price": "",
            "user_data": "9e5c6c9fd90c3cbb3e90f531beb038ed4ef9c3be",
            "user_data_base64": null,
            "vpc_classic_link_id": "",
            "vpc_classic_link_security_groups": null
          },
          "private": "bnVsbA==",
          "dependencies": [
            "aws_iam_instance_profile.nodes-dev-k8s-cloudhands-online",
            "aws_iam_role.nodes-dev-k8s-cloudhands-online",
            "aws_key_pair.kubernetes-dev-k8s-cloudhands-online-40ec231a1d8bad8d0a4b5ebb3ceed9d9",
            "aws_security_group.nodes-dev-k8s-cloudhands-online"
          ]
        }
      ]
    },
    {
      "mode": "managed",
      "type": "aws_route53_record",
      "name": "api-dev-k8s-cloudhands-online",
      "provider": "provider.aws",
      "instances": [
        {
          "schema_version": 2,
          "attributes": {
            "alias": [
              {
                "evaluate_target_health": false,
                "name": "api-dev-k8s-cloudhands-on-4bposg-293998933.eu-west-2.elb.amazonaws.com",
                "zone_id": "ZHURV8PSTC4K8"
              }
            ],
            "allow_overwrite": null,
            "failover_routing_policy": [],
            "fqdn": "api.dev-k8s.cloudhands.online",
            "geolocation_routing_policy": [],
            "health_check_id": null,
            "id": "ZQ1MTFAYYWEO5_api.dev-k8s.cloudhands.online_A",
            "latency_routing_policy": [],
            "multivalue_answer_routing_policy": null,
            "name": "api.dev-k8s.cloudhands.online",
            "records": null,
            "set_identifier": null,
            "ttl": null,
            "type": "A",
            "weighted_routing_policy": [],
            "zone_id": "/hostedzone/ZQ1MTFAYYWEO5"
          },
          "private": "eyJzY2hlbWFfdmVyc2lvbiI6IjIifQ==",
          "dependencies": [
            "aws_elb.api-dev-k8s-cloudhands-online",
            "aws_security_group.api-elb-dev-k8s-cloudhands-online"
          ]
        }
      ]
    },
    {
      "mode": "managed",
      "type": "aws_route53_record",
      "name": "bastion-dev-k8s-cloudhands-online",
      "provider": "provider.aws",
      "instances": [
        {
          "schema_version": 2,
          "attributes": {
            "alias": [
              {
                "evaluate_target_health": false,
                "name": "bastion-dev-k8s-cloudhand-o5ahdm-592591746.eu-west-2.elb.amazonaws.com",
                "zone_id": "ZHURV8PSTC4K8"
              }
            ],
            "allow_overwrite": null,
            "failover_routing_policy": [],
            "fqdn": "bastion.dev-k8s.cloudhands.online",
            "geolocation_routing_policy": [],
            "health_check_id": null,
            "id": "ZQ1MTFAYYWEO5_bastion.dev-k8s.cloudhands.online_A",
            "latency_routing_policy": [],
            "multivalue_answer_routing_policy": null,
            "name": "bastion.dev-k8s.cloudhands.online",
            "records": null,
            "set_identifier": null,
            "ttl": null,
            "type": "A",
            "weighted_routing_policy": [],
            "zone_id": "/hostedzone/ZQ1MTFAYYWEO5"
          },
          "private": "eyJzY2hlbWFfdmVyc2lvbiI6IjIifQ==",
          "dependencies": [
            "aws_elb.bastion-dev-k8s-cloudhands-online",
            "aws_security_group.bastion-elb-dev-k8s-cloudhands-online"
          ]
        }
      ]
    },
    {
      "mode": "managed",
      "type": "aws_security_group",
      "name": "api-elb-dev-k8s-cloudhands-online",
      "provider": "provider.aws",
      "instances": [
        {
          "schema_version": 1,
          "attributes": {
            "arn": "arn:aws:ec2:eu-west-2:768749700464:security-group/sg-0e5d4aa6a5e9ce8c4",
            "description": "Security group for api ELB",
            "egress": [],
            "id": "sg-0e5d4aa6a5e9ce8c4",
            "ingress": [],
            "name": "api-elb.dev-k8s.cloudhands.online",
            "name_prefix": null,
            "owner_id": "768749700464",
            "revoke_rules_on_delete": false,
            "tags": {
              "KubernetesCluster": "dev-k8s.cloudhands.online",
              "Name": "api-elb.dev-k8s.cloudhands.online",
              "kubernetes.io/cluster/dev-k8s.cloudhands.online": "owned"
            },
            "timeouts": null,
            "vpc_id": "vpc-0a5e1479e9a17cba6"
          },
          "private": "eyJlMmJmYjczMC1lY2FhLTExZTYtOGY4OC0zNDM2M2JjN2M0YzAiOnsiY3JlYXRlIjo2MDAwMDAwMDAwMDAsImRlbGV0ZSI6NjAwMDAwMDAwMDAwfSwic2NoZW1hX3ZlcnNpb24iOiIxIn0="
        }
      ]
    },
    {
      "mode": "managed",
      "type": "aws_security_group",
      "name": "bastion-dev-k8s-cloudhands-online",
      "provider": "provider.aws",
      "instances": [
        {
          "schema_version": 1,
          "attributes": {
            "arn": "arn:aws:ec2:eu-west-2:768749700464:security-group/sg-0375e611c9addd691",
            "description": "Security group for bastion",
            "egress": [],
            "id": "sg-0375e611c9addd691",
            "ingress": [],
            "name": "bastion.dev-k8s.cloudhands.online",
            "name_prefix": null,
            "owner_id": "768749700464",
            "revoke_rules_on_delete": false,
            "tags": {
              "KubernetesCluster": "dev-k8s.cloudhands.online",
              "Name": "bastion.dev-k8s.cloudhands.online",
              "kubernetes.io/cluster/dev-k8s.cloudhands.online": "owned"
            },
            "timeouts": null,
            "vpc_id": "vpc-0a5e1479e9a17cba6"
          },
          "private": "eyJlMmJmYjczMC1lY2FhLTExZTYtOGY4OC0zNDM2M2JjN2M0YzAiOnsiY3JlYXRlIjo2MDAwMDAwMDAwMDAsImRlbGV0ZSI6NjAwMDAwMDAwMDAwfSwic2NoZW1hX3ZlcnNpb24iOiIxIn0="
        }
      ]
    },
    {
      "mode": "managed",
      "type": "aws_security_group",
      "name": "bastion-elb-dev-k8s-cloudhands-online",
      "provider": "provider.aws",
      "instances": [
        {
          "schema_version": 1,
          "attributes": {
            "arn": "arn:aws:ec2:eu-west-2:768749700464:security-group/sg-06803b970088249a4",
            "description": "Security group for bastion ELB",
            "egress": [],
            "id": "sg-06803b970088249a4",
            "ingress": [],
            "name": "bastion-elb.dev-k8s.cloudhands.online",
            "name_prefix": null,
            "owner_id": "768749700464",
            "revoke_rules_on_delete": false,
            "tags": {
              "KubernetesCluster": "dev-k8s.cloudhands.online",
              "Name": "bastion-elb.dev-k8s.cloudhands.online",
              "kubernetes.io/cluster/dev-k8s.cloudhands.online": "owned"
            },
            "timeouts": null,
            "vpc_id": "vpc-0a5e1479e9a17cba6"
          },
          "private": "eyJlMmJmYjczMC1lY2FhLTExZTYtOGY4OC0zNDM2M2JjN2M0YzAiOnsiY3JlYXRlIjo2MDAwMDAwMDAwMDAsImRlbGV0ZSI6NjAwMDAwMDAwMDAwfSwic2NoZW1hX3ZlcnNpb24iOiIxIn0="
        }
      ]
    },
    {
      "mode": "managed",
      "type": "aws_security_group",
      "name": "masters-dev-k8s-cloudhands-online",
      "provider": "provider.aws",
      "instances": [
        {
          "schema_version": 1,
          "attributes": {
            "arn": "arn:aws:ec2:eu-west-2:768749700464:security-group/sg-00694f8233eda77d3",
            "description": "Security group for masters",
            "egress": [],
            "id": "sg-00694f8233eda77d3",
            "ingress": [],
            "name": "masters.dev-k8s.cloudhands.online",
            "name_prefix": null,
            "owner_id": "768749700464",
            "revoke_rules_on_delete": false,
            "tags": {
              "KubernetesCluster": "dev-k8s.cloudhands.online",
              "Name": "masters.dev-k8s.cloudhands.online",
              "kubernetes.io/cluster/dev-k8s.cloudhands.online": "owned"
            },
            "timeouts": null,
            "vpc_id": "vpc-0a5e1479e9a17cba6"
          },
          "private": "eyJlMmJmYjczMC1lY2FhLTExZTYtOGY4OC0zNDM2M2JjN2M0YzAiOnsiY3JlYXRlIjo2MDAwMDAwMDAwMDAsImRlbGV0ZSI6NjAwMDAwMDAwMDAwfSwic2NoZW1hX3ZlcnNpb24iOiIxIn0="
        }
      ]
    },
    {
      "mode": "managed",
      "type": "aws_security_group",
      "name": "nodes-dev-k8s-cloudhands-online",
      "provider": "provider.aws",
      "instances": [
        {
          "schema_version": 1,
          "attributes": {
            "arn": "arn:aws:ec2:eu-west-2:768749700464:security-group/sg-0bdff705c2d3c7cd1",
            "description": "Security group for nodes",
            "egress": [],
            "id": "sg-0bdff705c2d3c7cd1",
            "ingress": [],
            "name": "nodes.dev-k8s.cloudhands.online",
            "name_prefix": null,
            "owner_id": "768749700464",
            "revoke_rules_on_delete": false,
            "tags": {
              "KubernetesCluster": "dev-k8s.cloudhands.online",
              "Name": "nodes.dev-k8s.cloudhands.online",
              "kubernetes.io/cluster/dev-k8s.cloudhands.online": "owned"
            },
            "timeouts": null,
            "vpc_id": "vpc-0a5e1479e9a17cba6"
          },
          "private": "eyJlMmJmYjczMC1lY2FhLTExZTYtOGY4OC0zNDM2M2JjN2M0YzAiOnsiY3JlYXRlIjo2MDAwMDAwMDAwMDAsImRlbGV0ZSI6NjAwMDAwMDAwMDAwfSwic2NoZW1hX3ZlcnNpb24iOiIxIn0="
        }
      ]
    },
    {
      "mode": "managed",
      "type": "aws_security_group_rule",
      "name": "all-master-to-master",
      "provider": "provider.aws",
      "instances": [
        {
          "schema_version": 2,
          "attributes": {
            "cidr_blocks": null,
            "description": null,
            "from_port": 0,
            "id": "sgrule-261480184",
            "ipv6_cidr_blocks": null,
            "prefix_list_ids": null,
            "protocol": "-1",
            "security_group_id": "sg-00694f8233eda77d3",
            "self": false,
            "source_security_group_id": "sg-00694f8233eda77d3",
            "to_port": 0,
            "type": "ingress"
          },
          "private": "eyJzY2hlbWFfdmVyc2lvbiI6IjIifQ==",
          "dependencies": [
            "aws_security_group.masters-dev-k8s-cloudhands-online"
          ]
        }
      ]
    },
    {
      "mode": "managed",
      "type": "aws_security_group_rule",
      "name": "all-master-to-node",
      "provider": "provider.aws",
      "instances": [
        {
          "schema_version": 2,
          "attributes": {
            "cidr_blocks": null,
            "description": null,
            "from_port": 0,
            "id": "sgrule-792995538",
            "ipv6_cidr_blocks": null,
            "prefix_list_ids": null,
            "protocol": "-1",
            "security_group_id": "sg-0bdff705c2d3c7cd1",
            "self": false,
            "source_security_group_id": "sg-00694f8233eda77d3",
            "to_port": 0,
            "type": "ingress"
          },
          "private": "eyJzY2hlbWFfdmVyc2lvbiI6IjIifQ==",
          "dependencies": [
            "aws_security_group.masters-dev-k8s-cloudhands-online",
            "aws_security_group.nodes-dev-k8s-cloudhands-online"
          ]
        }
      ]
    },
    {
      "mode": "managed",
      "type": "aws_security_group_rule",
      "name": "all-node-to-node",
      "provider": "provider.aws",
      "instances": [
        {
          "schema_version": 2,
          "attributes": {
            "cidr_blocks": null,
            "description": null,
            "from_port": 0,
            "id": "sgrule-1388974937",
            "ipv6_cidr_blocks": null,
            "prefix_list_ids": null,
            "protocol": "-1",
            "security_group_id": "sg-0bdff705c2d3c7cd1",
            "self": false,
            "source_security_group_id": "sg-0bdff705c2d3c7cd1",
            "to_port": 0,
            "type": "ingress"
          },
          "private": "eyJzY2hlbWFfdmVyc2lvbiI6IjIifQ==",
          "dependencies": [
            "aws_security_group.nodes-dev-k8s-cloudhands-online"
          ]
        }
      ]
    },
    {
      "mode": "managed",
      "type": "aws_security_group_rule",
      "name": "api-elb-egress",
      "provider": "provider.aws",
      "instances": [
        {
          "schema_version": 2,
          "attributes": {
            "cidr_blocks": [
              "0.0.0.0/0"
            ],
            "description": null,
            "from_port": 0,
            "id": "sgrule-1316124736",
            "ipv6_cidr_blocks": null,
            "prefix_list_ids": null,
            "protocol": "-1",
            "security_group_id": "sg-0e5d4aa6a5e9ce8c4",
            "self": false,
            "source_security_group_id": null,
            "to_port": 0,
            "type": "egress"
          },
          "private": "eyJzY2hlbWFfdmVyc2lvbiI6IjIifQ==",
          "dependencies": [
            "aws_security_group.api-elb-dev-k8s-cloudhands-online"
          ]
        }
      ]
    },
    {
      "mode": "managed",
      "type": "aws_security_group_rule",
      "name": "bastion-egress",
      "provider": "provider.aws",
      "instances": [
        {
          "schema_version": 2,
          "attributes": {
            "cidr_blocks": [
              "0.0.0.0/0"
            ],
            "description": null,
            "from_port": 0,
            "id": "sgrule-176494883",
            "ipv6_cidr_blocks": null,
            "prefix_list_ids": null,
            "protocol": "-1",
            "security_group_id": "sg-0375e611c9addd691",
            "self": false,
            "source_security_group_id": null,
            "to_port": 0,
            "type": "egress"
          },
          "private": "eyJzY2hlbWFfdmVyc2lvbiI6IjIifQ==",
          "dependencies": [
            "aws_security_group.bastion-dev-k8s-cloudhands-online"
          ]
        }
      ]
    },
    {
      "mode": "managed",
      "type": "aws_security_group_rule",
      "name": "bastion-elb-egress",
      "provider": "provider.aws",
      "instances": [
        {
          "schema_version": 2,
          "attributes": {
            "cidr_blocks": [
              "0.0.0.0/0"
            ],
            "description": null,
            "from_port": 0,
            "id": "sgrule-726836130",
            "ipv6_cidr_blocks": null,
            "prefix_list_ids": null,
            "protocol": "-1",
            "security_group_id": "sg-06803b970088249a4",
            "self": false,
            "source_security_group_id": null,
            "to_port": 0,
            "type": "egress"
          },
          "private": "eyJzY2hlbWFfdmVyc2lvbiI6IjIifQ==",
          "dependencies": [
            "aws_security_group.bastion-elb-dev-k8s-cloudhands-online"
          ]
        }
      ]
    },
    {
      "mode": "managed",
      "type": "aws_security_group_rule",
      "name": "bastion-to-master-ssh",
      "provider": "provider.aws",
      "instances": [
        {
          "schema_version": 2,
          "attributes": {
            "cidr_blocks": null,
            "description": null,
            "from_port": 22,
            "id": "sgrule-330698008",
            "ipv6_cidr_blocks": null,
            "prefix_list_ids": null,
            "protocol": "tcp",
            "security_group_id": "sg-00694f8233eda77d3",
            "self": false,
            "source_security_group_id": "sg-0375e611c9addd691",
            "to_port": 22,
            "type": "ingress"
          },
          "private": "eyJzY2hlbWFfdmVyc2lvbiI6IjIifQ==",
          "dependencies": [
            "aws_security_group.bastion-dev-k8s-cloudhands-online",
            "aws_security_group.masters-dev-k8s-cloudhands-online"
          ]
        }
      ]
    },
    {
      "mode": "managed",
      "type": "aws_security_group_rule",
      "name": "bastion-to-node-ssh",
      "provider": "provider.aws",
      "instances": [
        {
          "schema_version": 2,
          "attributes": {
            "cidr_blocks": null,
            "description": null,
            "from_port": 22,
            "id": "sgrule-2501708137",
            "ipv6_cidr_blocks": null,
            "prefix_list_ids": null,
            "protocol": "tcp",
            "security_group_id": "sg-0bdff705c2d3c7cd1",
            "self": false,
            "source_security_group_id": "sg-0375e611c9addd691",
            "to_port": 22,
            "type": "ingress"
          },
          "private": "eyJzY2hlbWFfdmVyc2lvbiI6IjIifQ==",
          "dependencies": [
            "aws_security_group.bastion-dev-k8s-cloudhands-online",
            "aws_security_group.nodes-dev-k8s-cloudhands-online"
          ]
        }
      ]
    },
    {
      "mode": "managed",
      "type": "aws_security_group_rule",
      "name": "https-elb-to-master",
      "provider": "provider.aws",
      "instances": [
        {
          "schema_version": 2,
          "attributes": {
            "cidr_blocks": null,
            "description": null,
            "from_port": 443,
            "id": "sgrule-341055025",
            "ipv6_cidr_blocks": null,
            "prefix_list_ids": null,
            "protocol": "tcp",
            "security_group_id": "sg-00694f8233eda77d3",
            "self": false,
            "source_security_group_id": "sg-0e5d4aa6a5e9ce8c4",
            "to_port": 443,
            "type": "ingress"
          },
          "private": "eyJzY2hlbWFfdmVyc2lvbiI6IjIifQ==",
          "dependencies": [
            "aws_security_group.api-elb-dev-k8s-cloudhands-online",
            "aws_security_group.masters-dev-k8s-cloudhands-online"
          ]
        }
      ]
    },
    {
      "mode": "managed",
      "type": "aws_security_group_rule",
      "name": "master-egress",
      "provider": "provider.aws",
      "instances": [
        {
          "schema_version": 2,
          "attributes": {
            "cidr_blocks": [
              "0.0.0.0/0"
            ],
            "description": null,
            "from_port": 0,
            "id": "sgrule-879259647",
            "ipv6_cidr_blocks": null,
            "prefix_list_ids": null,
            "protocol": "-1",
            "security_group_id": "sg-00694f8233eda77d3",
            "self": false,
            "source_security_group_id": null,
            "to_port": 0,
            "type": "egress"
          },
          "private": "eyJzY2hlbWFfdmVyc2lvbiI6IjIifQ==",
          "dependencies": [
            "aws_security_group.masters-dev-k8s-cloudhands-online"
          ]
        }
      ]
    },
    {
      "mode": "managed",
      "type": "aws_security_group_rule",
      "name": "node-egress",
      "provider": "provider.aws",
      "instances": [
        {
          "schema_version": 2,
          "attributes": {
            "cidr_blocks": [
              "0.0.0.0/0"
            ],
            "description": null,
            "from_port": 0,
            "id": "sgrule-3189074802",
            "ipv6_cidr_blocks": null,
            "prefix_list_ids": null,
            "protocol": "-1",
            "security_group_id": "sg-0bdff705c2d3c7cd1",
            "self": false,
            "source_security_group_id": null,
            "to_port": 0,
            "type": "egress"
          },
          "private": "eyJzY2hlbWFfdmVyc2lvbiI6IjIifQ==",
          "dependencies": [
            "aws_security_group.nodes-dev-k8s-cloudhands-online"
          ]
        }
      ]
    },
    {
      "mode": "managed",
      "type": "aws_security_group_rule",
      "name": "node-to-master-tcp-1-2379",
      "provider": "provider.aws",
      "instances": [
        {
          "schema_version": 2,
          "attributes": {
            "cidr_blocks": null,
            "description": null,
            "from_port": 1,
            "id": "sgrule-215868245",
            "ipv6_cidr_blocks": null,
            "prefix_list_ids": null,
            "protocol": "tcp",
            "security_group_id": "sg-00694f8233eda77d3",
            "self": false,
            "source_security_group_id": "sg-0bdff705c2d3c7cd1",
            "to_port": 2379,
            "type": "ingress"
          },
          "private": "eyJzY2hlbWFfdmVyc2lvbiI6IjIifQ==",
          "dependencies": [
            "aws_security_group.masters-dev-k8s-cloudhands-online",
            "aws_security_group.nodes-dev-k8s-cloudhands-online"
          ]
        }
      ]
    },
    {
      "mode": "managed",
      "type": "aws_security_group_rule",
      "name": "node-to-master-tcp-2382-4000",
      "provider": "provider.aws",
      "instances": [
        {
          "schema_version": 2,
          "attributes": {
            "cidr_blocks": null,
            "description": null,
            "from_port": 2382,
            "id": "sgrule-3655081577",
            "ipv6_cidr_blocks": null,
            "prefix_list_ids": null,
            "protocol": "tcp",
            "security_group_id": "sg-00694f8233eda77d3",
            "self": false,
            "source_security_group_id": "sg-0bdff705c2d3c7cd1",
            "to_port": 4000,
            "type": "ingress"
          },
          "private": "eyJzY2hlbWFfdmVyc2lvbiI6IjIifQ==",
          "dependencies": [
            "aws_security_group.masters-dev-k8s-cloudhands-online",
            "aws_security_group.nodes-dev-k8s-cloudhands-online"
          ]
        }
      ]
    },
    {
      "mode": "managed",
      "type": "aws_security_group_rule",
      "name": "node-to-master-tcp-4003-65535",
      "provider": "provider.aws",
      "instances": [
        {
          "schema_version": 2,
          "attributes": {
            "cidr_blocks": null,
            "description": null,
            "from_port": 4003,
            "id": "sgrule-2820720758",
            "ipv6_cidr_blocks": null,
            "prefix_list_ids": null,
            "protocol": "tcp",
            "security_group_id": "sg-00694f8233eda77d3",
            "self": false,
            "source_security_group_id": "sg-0bdff705c2d3c7cd1",
            "to_port": 65535,
            "type": "ingress"
          },
          "private": "eyJzY2hlbWFfdmVyc2lvbiI6IjIifQ==",
          "dependencies": [
            "aws_security_group.masters-dev-k8s-cloudhands-online",
            "aws_security_group.nodes-dev-k8s-cloudhands-online"
          ]
        }
      ]
    },
    {
      "mode": "managed",
      "type": "aws_security_group_rule",
      "name": "node-to-master-udp-1-65535",
      "provider": "provider.aws",
      "instances": [
        {
          "schema_version": 2,
          "attributes": {
            "cidr_blocks": null,
            "description": null,
            "from_port": 1,
            "id": "sgrule-452108348",
            "ipv6_cidr_blocks": null,
            "prefix_list_ids": null,
            "protocol": "udp",
            "security_group_id": "sg-00694f8233eda77d3",
            "self": false,
            "source_security_group_id": "sg-0bdff705c2d3c7cd1",
            "to_port": 65535,
            "type": "ingress"
          },
          "private": "eyJzY2hlbWFfdmVyc2lvbiI6IjIifQ==",
          "dependencies": [
            "aws_security_group.masters-dev-k8s-cloudhands-online",
            "aws_security_group.nodes-dev-k8s-cloudhands-online"
          ]
        }
      ]
    },
    {
      "mode": "managed",
      "type": "aws_security_group_rule",
      "name": "ssh-elb-to-bastion",
      "provider": "provider.aws",
      "instances": [
        {
          "schema_version": 2,
          "attributes": {
            "cidr_blocks": null,
            "description": null,
            "from_port": 22,
            "id": "sgrule-566479179",
            "ipv6_cidr_blocks": null,
            "prefix_list_ids": null,
            "protocol": "tcp",
            "security_group_id": "sg-0375e611c9addd691",
            "self": false,
            "source_security_group_id": "sg-06803b970088249a4",
            "to_port": 22,
            "type": "ingress"
          },
          "private": "eyJzY2hlbWFfdmVyc2lvbiI6IjIifQ==",
          "dependencies": [
            "aws_security_group.bastion-dev-k8s-cloudhands-online",
            "aws_security_group.bastion-elb-dev-k8s-cloudhands-online"
          ]
        }
      ]
    },
    {
      "mode": "managed",
      "type": "aws_security_group_rule",
      "name": "ssh-external-to-bastion-elb-0-0-0-0--0",
      "provider": "provider.aws",
      "instances": [
        {
          "schema_version": 2,
          "attributes": {
            "cidr_blocks": [
              "0.0.0.0/0"
            ],
            "description": null,
            "from_port": 22,
            "id": "sgrule-607487845",
            "ipv6_cidr_blocks": null,
            "prefix_list_ids": null,
            "protocol": "tcp",
            "security_group_id": "sg-06803b970088249a4",
            "self": false,
            "source_security_group_id": null,
            "to_port": 22,
            "type": "ingress"
          },
          "private": "eyJzY2hlbWFfdmVyc2lvbiI6IjIifQ==",
          "dependencies": [
            "aws_security_group.bastion-elb-dev-k8s-cloudhands-online"
          ]
        }
      ]
    }
  ]
}
